// !$*UTF8*$!
{
	archiveVersion = 1;
	classes = {
	};
	objectVersion = 56;
	objects = {

/* Begin PBXBuildFile section */
		04ED2DB92B32ED4D002AFE05 /* HW_4_3_DYApp.swift in Sources */ = {isa = PBXBuildFile; fileRef = 04ED2DB82B32ED4D002AFE05 /* HW_4_3_DYApp.swift */; };
		04ED2DBD2B32ED4F002AFE05 /* Assets.xcassets in Resources */ = {isa = PBXBuildFile; fileRef = 04ED2DBC2B32ED4F002AFE05 /* Assets.xcassets */; };
		04ED2DC02B32ED4F002AFE05 /* Preview Assets.xcassets in Resources */ = {isa = PBXBuildFile; fileRef = 04ED2DBF2B32ED4F002AFE05 /* Preview Assets.xcassets */; };
		04ED2DCF2B32F141002AFE05 /* StartView.swift in Sources */ = {isa = PBXBuildFile; fileRef = 04ED2DCE2B32F141002AFE05 /* StartView.swift */; };
		04ED2DD12B32F187002AFE05 /* ContentView.swift in Sources */ = {isa = PBXBuildFile; fileRef = 04ED2DD02B32F187002AFE05 /* ContentView.swift */; };
		04ED2DD52B32F211002AFE05 /* LogInView.swift in Sources */ = {isa = PBXBuildFile; fileRef = 04ED2DD42B32F211002AFE05 /* LogInView.swift */; };
		04ED2DD72B32F2DB002AFE05 /* UserManagerVM.swift in Sources */ = {isa = PBXBuildFile; fileRef = 04ED2DD62B32F2DB002AFE05 /* UserManagerVM.swift */; };
		04ED2DD92B32F3F3002AFE05 /* TimerVM.swift in Sources */ = {isa = PBXBuildFile; fileRef = 04ED2DD82B32F3F3002AFE05 /* TimerVM.swift */; };
/* End PBXBuildFile section */

/* Begin PBXFileReference section */
		04ED2DB52B32ED4D002AFE05 /* HW-4.3-DY.app */ = {isa = PBXFileReference; explicitFileType = wrapper.application; includeInIndex = 0; path = "HW-4.3-DY.app"; sourceTree = BUILT_PRODUCTS_DIR; };
		04ED2DB82B32ED4D002AFE05 /* HW_4_3_DYApp.swift */ = {isa = PBXFileReference; lastKnownFileType = sourcecode.swift; path = HW_4_3_DYApp.swift; sourceTree = "<group>"; };
		04ED2DBC2B32ED4F002AFE05 /* Assets.xcassets */ = {isa = PBXFileReference; lastKnownFileType = folder.assetcatalog; path = Assets.xcassets; sourceTree = "<group>"; };
		04ED2DBF2B32ED4F002AFE05 /* Preview Assets.xcassets */ = {isa = PBXFileReference; lastKnownFileType = folder.assetcatalog; path = "Preview Assets.xcassets"; sourceTree = "<group>"; };
		04ED2DCE2B32F141002AFE05 /* StartView.swift */ = {isa = PBXFileReference; lastKnownFileType = sourcecode.swift; path = StartView.swift; sourceTree = "<group>"; };
		04ED2DD02B32F187002AFE05 /* ContentView.swift */ = {isa = PBXFileReference; lastKnownFileType = sourcecode.swift; path = ContentView.swift; sourceTree = "<group>"; };
		04ED2DD42B32F211002AFE05 /* LogInView.swift */ = {isa = PBXFileReference; lastKnownFileType = sourcecode.swift; path = LogInView.swift; sourceTree = "<group>"; };
		04ED2DD62B32F2DB002AFE05 /* UserManagerVM.swift */ = {isa = PBXFileReference; lastKnownFileType = sourcecode.swift; path = UserManagerVM.swift; sourceTree = "<group>"; };
		04ED2DD82B32F3F3002AFE05 /* TimerVM.swift */ = {isa = PBXFileReference; lastKnownFileType = sourcecode.swift; path = TimerVM.swift; sourceTree = "<group>"; };
/* End PBXFileReference section */

/* Begin PBXFrameworksBuildPhase section */
		04ED2DB22B32ED4D002AFE05 /* Frameworks */ = {
			isa = PBXFrameworksBuildPhase;
			buildActionMask = 2147483647;
			files = (
			);
			runOnlyForDeploymentPostprocessing = 0;
		};
/* End PBXFrameworksBuildPhase section */

/* Begin PBXGroup section */
		04ED2DAC2B32ED4D002AFE05 = {
			isa = PBXGroup;
			children = (
				04ED2DB72B32ED4D002AFE05 /* HW-4.3-DY */,
				04ED2DB62B32ED4D002AFE05 /* Products */,
			);
			sourceTree = "<group>";
		};
		04ED2DB62B32ED4D002AFE05 /* Products */ = {
			isa = PBXGroup;
			children = (
				04ED2DB52B32ED4D002AFE05 /* HW-4.3-DY.app */,
			);
			name = Products;
			sourceTree = "<group>";
		};
		04ED2DB72B32ED4D002AFE05 /* HW-4.3-DY */ = {
			isa = PBXGroup;
			children = (
				04ED2DBE2B32ED4F002AFE05 /* Preview Content */,
				04ED2DDC2B32F884002AFE05 /* App */,
				04ED2DDB2B32F87D002AFE05 /* Views */,
				04ED2DDA2B32F873002AFE05 /* ViewModels */,
			);
			path = "HW-4.3-DY";
			sourceTree = "<group>";
		};
		04ED2DBE2B32ED4F002AFE05 /* Preview Content */ = {
			isa = PBXGroup;
			children = (
				04ED2DDD2B32F88D002AFE05 /* Resources */,
				04ED2DBF2B32ED4F002AFE05 /* Preview Assets.xcassets */,
			);
			path = "Preview Content";
			sourceTree = "<group>";
		};
		04ED2DDA2B32F873002AFE05 /* ViewModels */ = {
			isa = PBXGroup;
			children = (
				04ED2DD62B32F2DB002AFE05 /* UserManagerVM.swift */,
				04ED2DD82B32F3F3002AFE05 /* TimerVM.swift */,
			);
			path = ViewModels;
			sourceTree = "<group>";
		};
		04ED2DDB2B32F87D002AFE05 /* Views */ = {
			isa = PBXGroup;
			children = (
				04ED2DCE2B32F141002AFE05 /* StartView.swift */,
				04ED2DD42B32F211002AFE05 /* LogInView.swift */,
				04ED2DD02B32F187002AFE05 /* ContentView.swift */,
			);
			path = Views;
			sourceTree = "<group>";
		};
		04ED2DDC2B32F884002AFE05 /* App */ = {
			isa = PBXGroup;
			children = (
				04ED2DB82B32ED4D002AFE05 /* HW_4_3_DYApp.swift */,
			);
			path = App;
			sourceTree = "<group>";
		};
		04ED2DDD2B32F88D002AFE05 /* Resources */ = {
			isa = PBXGroup;
			children = (
				04ED2DBC2B32ED4F002AFE05 /* Assets.xcassets */,
			);
			path = Resources;
			sourceTree = "<group>";
		};
/* End PBXGroup section */

/* Begin PBXNativeTarget section */
		04ED2DB42B32ED4D002AFE05 /* HW-4.3-DY */ = {
			isa = PBXNativeTarget;
			buildConfigurationList = 04ED2DC32B32ED4F002AFE05 /* Build configuration list for PBXNativeTarget "HW-4.3-DY" */;
			buildPhases = (
				04ED2DB12B32ED4D002AFE05 /* Sources */,
				04ED2DB22B32ED4D002AFE05 /* Frameworks */,
				04ED2DB32B32ED4D002AFE05 /* Resources */,
			);
			buildRules = (
			);
			dependencies = (
			);
			name = "HW-4.3-DY";
			productName = "HW-4.3-DY";
			productReference = 04ED2DB52B32ED4D002AFE05 /* HW-4.3-DY.app */;
			productType = "com.apple.product-type.application";
		};
/* End PBXNativeTarget section */

/* Begin PBXProject section */
		04ED2DAD2B32ED4D002AFE05 /* Project object */ = {
			isa = PBXProject;
			attributes = {
				BuildIndependentTargetsInParallel = 1;
				LastSwiftUpdateCheck = 1510;
				LastUpgradeCheck = 1510;
				TargetAttributes = {
					04ED2DB42B32ED4D002AFE05 = {
						CreatedOnToolsVersion = 15.1;
					};
				};
			};
			buildConfigurationList = 04ED2DB02B32ED4D002AFE05 /* Build configuration list for PBXProject "HW-4.3-DY" */;
			compatibilityVersion = "Xcode 14.0";
			developmentRegion = en;
			hasScannedForEncodings = 0;
			knownRegions = (
				en,
				Base,
			);
			mainGroup = 04ED2DAC2B32ED4D002AFE05;
			productRefGroup = 04ED2DB62B32ED4D002AFE05 /* Products */;
			projectDirPath = "";
			projectRoot = "";
			targets = (
				04ED2DB42B32ED4D002AFE05 /* HW-4.3-DY */,
			);
		};
/* End PBXProject section */

/* Begin PBXResourcesBuildPhase section */
		04ED2DB32B32ED4D002AFE05 /* Resources */ = {
			isa = PBXResourcesBuildPhase;
			buildActionMask = 2147483647;
			files = (
				04ED2DC02B32ED4F002AFE05 /* Preview Assets.xcassets in Resources */,
				04ED2DBD2B32ED4F002AFE05 /* Assets.xcassets in Resources */,
			);
			runOnlyForDeploymentPostprocessing = 0;
		};
/* End PBXResourcesBuildPhase section */

/* Begin PBXSourcesBuildPhase section */
		04ED2DB12B32ED4D002AFE05 /* Sources */ = {
			isa = PBXSourcesBuildPhase;
			buildActionMask = 2147483647;
			files = (
				04ED2DD52B32F211002AFE05 /* LogInView.swift in Sources */,
				04ED2DD72B32F2DB002AFE05 /* UserManagerVM.swift in Sources */,
				04ED2DB92B32ED4D002AFE05 /* HW_4_3_DYApp.swift in Sources */,
				04ED2DCF2B32F141002AFE05 /* StartView.swift in Sources */,
				04ED2DD92B32F3F3002AFE05 /* TimerVM.swift in Sources */,
				04ED2DD12B32F187002AFE05 /* ContentView.swift in Sources */,
			);
			runOnlyForDeploymentPostprocessing = 0;
		};
/* End PBXSourcesBuildPhase section */

/* Begin XCBuildConfiguration section */
		04ED2DC12B32ED4F002AFE05 /* Debug */ = {
			isa = XCBuildConfiguration;
			buildSettings = {
				ALWAYS_SEARCH_USER_PATHS = NO;
				ASSETCATALOG_COMPILER_GENERATE_SWIFT_ASSET_SYMBOL_EXTENSIONS = YES;
				CLANG_ANALYZER_NONNULL = YES;
				CLANG_ANALYZER_NUMBER_OBJECT_CONVERSION = YES_AGGRESSIVE;
				CLANG_CXX_LANGUAGE_STANDARD = "gnu++20";
				CLANG_ENABLE_MODULES = YES;
				CLANG_ENABLE_OBJC_ARC = YES;
				CLANG_ENABLE_OBJC_WEAK = YES;
				CLANG_WARN_BLOCK_CAPTURE_AUTORELEASING = YES;
				CLANG_WARN_BOOL_CONVERSION = YES;
				CLANG_WARN_COMMA = YES;
				CLANG_WARN_CONSTANT_CONVERSION = YES;
				CLANG_WARN_DEPRECATED_OBJC_IMPLEMENTATIONS = YES;
				CLANG_WARN_DIRECT_OBJC_ISA_USAGE = YES_ERROR;
				CLANG_WARN_DOCUMENTATION_COMMENTS = YES;
				CLANG_WARN_EMPTY_BODY = YES;
				CLANG_WARN_ENUM_CONVERSION = YES;
				CLANG_WARN_INFINITE_RECURSION = YES;
				CLANG_WARN_INT_CONVERSION = YES;
				CLANG_WARN_NON_LITERAL_NULL_CONVERSION = YES;
				CLANG_WARN_OBJC_IMPLICIT_RETAIN_SELF = YES;
				CLANG_WARN_OBJC_LITERAL_CONVERSION = YES;
				CLANG_WARN_OBJC_ROOT_CLASS = YES_ERROR;
				CLANG_WARN_QUOTED_INCLUDE_IN_FRAMEWORK_HEADER = YES;
				CLANG_WARN_RANGE_LOOP_ANALYSIS = YES;
				CLANG_WARN_STRICT_PROTOTYPES = YES;
				CLANG_WARN_SUSPICIOUS_MOVE = YES;
				CLANG_WARN_UNGUARDED_AVAILABILITY = YES_AGGRESSIVE;
				CLANG_WARN_UNREACHABLE_CODE = YES;
				CLANG_WARN__DUPLICATE_METHOD_MATCH = YES;
				COPY_PHASE_STRIP = NO;
				DEBUG_INFORMATION_FORMAT = dwarf;
				ENABLE_STRICT_OBJC_MSGSEND = YES;
				ENABLE_TESTABILITY = YES;
				ENABLE_USER_SCRIPT_SANDBOXING = YES;
				GCC_C_LANGUAGE_STANDARD = gnu17;
				GCC_DYNAMIC_NO_PIC = NO;
				GCC_NO_COMMON_BLOCKS = YES;
				GCC_OPTIMIZATION_LEVEL = 0;
				GCC_PREPROCESSOR_DEFINITIONS = (
					"DEBUG=1",
					"$(inherited)",
				);
				GCC_WARN_64_TO_32_BIT_CONVERSION = YES;
				GCC_WARN_ABOUT_RETURN_TYPE = YES_ERROR;
				GCC_WARN_UNDECLARED_SELECTOR = YES;
				GCC_WARN_UNINITIALIZED_AUTOS = YES_AGGRESSIVE;
				GCC_WARN_UNUSED_FUNCTION = YES;
				GCC_WARN_UNUSED_VARIABLE = YES;
				IPHONEOS_DEPLOYMENT_TARGET = 17.2;
				LOCALIZATION_PREFERS_STRING_CATALOGS = YES;
				MTL_ENABLE_DEBUG_INFO = INCLUDE_SOURCE;
				MTL_FAST_MATH = YES;
				ONLY_ACTIVE_ARCH = YES;
				SDKROOT = iphoneos;
				SWIFT_ACTIVE_COMPILATION_CONDITIONS = "DEBUG $(inherited)";
				SWIFT_OPTIMIZATION_LEVEL = "-Onone";
			};
			name = Debug;
		};
		04ED2DC22B32ED4F002AFE05 /* Release */ = {
			isa = XCBuildConfiguration;
			buildSettings = {
				ALWAYS_SEARCH_USER_PATHS = NO;
				ASSETCATALOG_COMPILER_GENERATE_SWIFT_ASSET_SYMBOL_EXTENSIONS = YES;
				CLANG_ANALYZER_NONNULL = YES;
				CLANG_ANALYZER_NUMBER_OBJECT_CONVERSION = YES_AGGRESSIVE;
				CLANG_CXX_LANGUAGE_STANDARD = "gnu++20";
				CLANG_ENABLE_MODULES = YES;
				CLANG_ENABLE_OBJC_ARC = YES;
				CLANG_ENABLE_OBJC_WEAK = YES;
				CLANG_WARN_BLOCK_CAPTURE_AUTORELEASING = YES;
				CLANG_WARN_BOOL_CONVERSION = YES;
				CLANG_WARN_COMMA = YES;
				CLANG_WARN_CONSTANT_CONVERSION = YES;
				CLANG_WARN_DEPRECATED_OBJC_IMPLEMENTATIONS = YES;
				CLANG_WARN_DIRECT_OBJC_ISA_USAGE = YES_ERROR;
				CLANG_WARN_DOCUMENTATION_COMMENTS = YES;
				CLANG_WARN_EMPTY_BODY = YES;
				CLANG_WARN_ENUM_CONVERSION = YES;
				CLANG_WARN_INFINITE_RECURSION = YES;
				CLANG_WARN_INT_CONVERSION = YES;
				CLANG_WARN_NON_LITERAL_NULL_CONVERSION = YES;
				CLANG_WARN_OBJC_IMPLICIT_RETAIN_SELF = YES;
				CLANG_WARN_OBJC_LITERAL_CONVERSION = YES;
				CLANG_WARN_OBJC_ROOT_CLASS = YES_ERROR;
				CLANG_WARN_QUOTED_INCLUDE_IN_FRAMEWORK_HEADER = YES;
				CLANG_WARN_RANGE_LOOP_ANALYSIS = YES;
				CLANG_WARN_STRICT_PROTOTYPES = YES;
				CLANG_WARN_SUSPICIOUS_MOVE = YES;
				CLANG_WARN_UNGUARDED_AVAILABILITY = YES_AGGRESSIVE;
				CLANG_WARN_UNREACHABLE_CODE = YES;
				CLANG_WARN__DUPLICATE_METHOD_MATCH = YES;
				COPY_PHASE_STRIP = NO;
				DEBUG_INFORMATION_FORMAT = "dwarf-with-dsym";
				ENABLE_NS_ASSERTIONS = NO;
				ENABLE_STRICT_OBJC_MSGSEND = YES;
				ENABLE_USER_SCRIPT_SANDBOXING = YES;
				GCC_C_LANGUAGE_STANDARD = gnu17;
				GCC_NO_COMMON_BLOCKS = YES;
				GCC_WARN_64_TO_32_BIT_CONVERSION = YES;
				GCC_WARN_ABOUT_RETURN_TYPE = YES_ERROR;
				GCC_WARN_UNDECLARED_SELECTOR = YES;
				GCC_WARN_UNINITIALIZED_AUTOS = YES_AGGRESSIVE;
				GCC_WARN_UNUSED_FUNCTION = YES;
				GCC_WARN_UNUSED_VARIABLE = YES;
				IPHONEOS_DEPLOYMENT_TARGET = 17.2;
				LOCALIZATION_PREFERS_STRING_CATALOGS = YES;
				MTL_ENABLE_DEBUG_INFO = NO;
				MTL_FAST_MATH = YES;
				SDKROOT = iphoneos;
				SWIFT_COMPILATION_MODE = wholemodule;
				VALIDATE_PRODUCT = YES;
			};
			name = Release;
		};
		04ED2DC42B32ED4F002AFE05 /* Debug */ = {
			isa = XCBuildConfiguration;
			buildSettings = {
				ASSETCATALOG_COMPILER_APPICON_NAME = AppIcon;
				ASSETCATALOG_COMPILER_GLOBAL_ACCENT_COLOR_NAME = AccentColor;
				CODE_SIGN_STYLE = Automatic;
				CURRENT_PROJECT_VERSION = 1;
				DEVELOPMENT_ASSET_PATHS = "\"HW-4.3-DY/Preview Content\"";
				DEVELOPMENT_TEAM = VDM65QNNS4;
				ENABLE_PREVIEWS = YES;
				GENERATE_INFOPLIST_FILE = YES;
				INFOPLIST_KEY_UIApplicationSceneManifest_Generation = YES;
				INFOPLIST_KEY_UIApplicationSupportsIndirectInputEvents = YES;
				INFOPLIST_KEY_UILaunchScreen_Generation = YES;
				INFOPLIST_KEY_UISupportedInterfaceOrientations_iPad = "UIInterfaceOrientationPortrait UIInterfaceOrientationPortraitUpsideDown UIInterfaceOrientationLandscapeLeft UIInterfaceOrientationLandscapeRight";
				INFOPLIST_KEY_UISupportedInterfaceOrientations_iPhone = "UIInterfaceOrientationPortrait UIInterfaceOrientationLandscapeLeft UIInterfaceOrientationLandscapeRight";
				LD_RUNPATH_SEARCH_PATHS = (
					"$(inherited)",
					"@executable_path/Frameworks",
				);
				MARKETING_VERSION = 1.0;
				PRODUCT_BUNDLE_IDENTIFIER = "com.Denis-Yarets.HW-4-3-DY";
				PRODUCT_NAME = "$(TARGET_NAME)";
				SWIFT_EMIT_LOC_STRINGS = YES;
				SWIFT_VERSION = 5.0;
				TARGETED_DEVICE_FAMILY = "1,2";
			};
			name = Debug;
		};
		04ED2DC52B32ED4F002AFE05 /* Release */ = {
			isa = XCBuildConfiguration;
			buildSettings = {
				ASSETCATALOG_COMPILER_APPICON_NAME = AppIcon;
				ASSETCATALOG_COMPILER_GLOBAL_ACCENT_COLOR_NAME = AccentColor;
				CODE_SIGN_STYLE = Automatic;
				CURRENT_PROJECT_VERSION = 1;
				DEVELOPMENT_ASSET_PATHS = "\"HW-4.3-DY/Preview Content\"";
				DEVELOPMENT_TEAM = VDM65QNNS4;
				ENABLE_PREVIEWS = YES;
				GENERATE_INFOPLIST_FILE = YES;
				INFOPLIST_KEY_UIApplicationSceneManifest_Generation = YES;
				INFOPLIST_KEY_UIApplicationSupportsIndirectInputEvents = YES;
				INFOPLIST_KEY_UILaunchScreen_Generation = YES;
				INFOPLIST_KEY_UISupportedInterfaceOrientations_iPad = "UIInterfaceOrientationPortrait UIInterfaceOrientationPortraitUpsideDown UIInterfaceOrientationLandscapeLeft UIInterfaceOrientationLandscapeRight";
				INFOPLIST_KEY_UISupportedInterfaceOrientations_iPhone = "UIInterfaceOrientationPortrait UIInterfaceOrientationLandscapeLeft UIInterfaceOrientationLandscapeRight";
				LD_RUNPATH_SEARCH_PATHS = (
					"$(inherited)",
					"@executable_path/Frameworks",
				);
				MARKETING_VERSION = 1.0;
				PRODUCT_BUNDLE_IDENTIFIER = "com.Denis-Yarets.HW-4-3-DY";
				PRODUCT_NAME = "$(TARGET_NAME)";
				SWIFT_EMIT_LOC_STRINGS = YES;
				SWIFT_VERSION = 5.0;
				TARGETED_DEVICE_FAMILY = "1,2";
			};
			name = Release;
		};
/* End XCBuildConfiguration section */

/* Begin XCConfigurationList section */
		04ED2DB02B32ED4D002AFE05 /* Build configuration list for PBXProject "HW-4.3-DY" */ = {
			isa = XCConfigurationList;
			buildConfigurations = (
				04ED2DC12B32ED4F002AFE05 /* Debug */,
				04ED2DC22B32ED4F002AFE05 /* Release */,
			);
			defaultConfigurationIsVisible = 0;
			defaultConfigurationName = Release;
		};
		04ED2DC32B32ED4F002AFE05 /* Build configuration list for PBXNativeTarget "HW-4.3-DY" */ = {
			isa = XCConfigurationList;
			buildConfigurations = (
				04ED2DC42B32ED4F002AFE05 /* Debug */,
				04ED2DC52B32ED4F002AFE05 /* Release */,
			);
			defaultConfigurationIsVisible = 0;
			defaultConfigurationName = Release;
		};
/* End XCConfigurationList section */
	};
	rootObject = 04ED2DAD2B32ED4D002AFE05 /* Project object */;
}
